// !$*UTF8*$!
{
	archiveVersion = 1;
	classes = {
	};
	objectVersion = 46;
	objects = {

/* Begin PBXBuildFile section */
		1EE04C701D1ADE56003F6EBE /* main.m in Sources */ = {isa = PBXBuildFile; fileRef = 1EE04C6F1D1ADE56003F6EBE /* main.m */; };
		1EE04C731D1ADE56003F6EBE /* AppDelegate.m in Sources */ = {isa = PBXBuildFile; fileRef = 1EE04C721D1ADE56003F6EBE /* AppDelegate.m */; };
		1EE04C761D1ADE56003F6EBE /* ViewController.m in Sources */ = {isa = PBXBuildFile; fileRef = 1EE04C751D1ADE56003F6EBE /* ViewController.m */; };
		1EE04C791D1ADE56003F6EBE /* Main.storyboard in Resources */ = {isa = PBXBuildFile; fileRef = 1EE04C771D1ADE56003F6EBE /* Main.storyboard */; };
		1EE04C7C1D1ADE56003F6EBE /* HIUISlidingTabViewSample.xcdatamodeld in Sources */ = {isa = PBXBuildFile; fileRef = 1EE04C7A1D1ADE56003F6EBE /* HIUISlidingTabViewSample.xcdatamodeld */; };
		1EE04C7E1D1ADE56003F6EBE /* Assets.xcassets in Resources */ = {isa = PBXBuildFile; fileRef = 1EE04C7D1D1ADE56003F6EBE /* Assets.xcassets */; };
		1EE04C811D1ADE56003F6EBE /* LaunchScreen.storyboard in Resources */ = {isa = PBXBuildFile; fileRef = 1EE04C7F1D1ADE56003F6EBE /* LaunchScreen.storyboard */; };
		1EE04C9A1D1ADECF003F6EBE /* SampleLayoutManager.m in Sources */ = {isa = PBXBuildFile; fileRef = 1EE04C991D1ADECF003F6EBE /* SampleLayoutManager.m */; };
		1EE04CA01D1ADFC1003F6EBE /* SampleContentView.m in Sources */ = {isa = PBXBuildFile; fileRef = 1EE04C9F1D1ADFC1003F6EBE /* SampleContentView.m */; };
		1EE04CA71D1AE252003F6EBE /* SampleTextBarButtonItem.m in Sources */ = {isa = PBXBuildFile; fileRef = 1EE04CA61D1AE252003F6EBE /* SampleTextBarButtonItem.m */; };
		1EE04CB11D1AED20003F6EBE /* HIUIBarButtonItem.m in Sources */ = {isa = PBXBuildFile; fileRef = 1EE04CAA1D1AED20003F6EBE /* HIUIBarButtonItem.m */; };
		1EE04CB21D1AED20003F6EBE /* HIUISlidingTabView.m in Sources */ = {isa = PBXBuildFile; fileRef = 1EE04CAC1D1AED20003F6EBE /* HIUISlidingTabView.m */; };
/* End PBXBuildFile section */

/* Begin PBXFileReference section */
		1EE04C6B1D1ADE56003F6EBE /* HIUISlidingTabViewSample.app */ = {isa = PBXFileReference; explicitFileType = wrapper.application; includeInIndex = 0; path = HIUISlidingTabViewSample.app; sourceTree = BUILT_PRODUCTS_DIR; };
		1EE04C6F1D1ADE56003F6EBE /* main.m */ = {isa = PBXFileReference; lastKnownFileType = sourcecode.c.objc; path = main.m; sourceTree = "<group>"; };
		1EE04C711D1ADE56003F6EBE /* AppDelegate.h */ = {isa = PBXFileReference; lastKnownFileType = sourcecode.c.h; path = AppDelegate.h; sourceTree = "<group>"; };
		1EE04C721D1ADE56003F6EBE /* AppDelegate.m */ = {isa = PBXFileReference; lastKnownFileType = sourcecode.c.objc; path = AppDelegate.m; sourceTree = "<group>"; };
		1EE04C741D1ADE56003F6EBE /* ViewController.h */ = {isa = PBXFileReference; lastKnownFileType = sourcecode.c.h; path = ViewController.h; sourceTree = "<group>"; };
		1EE04C751D1ADE56003F6EBE /* ViewController.m */ = {isa = PBXFileReference; lastKnownFileType = sourcecode.c.objc; path = ViewController.m; sourceTree = "<group>"; };
		1EE04C781D1ADE56003F6EBE /* Base */ = {isa = PBXFileReference; lastKnownFileType = file.storyboard; name = Base; path = Base.lproj/Main.storyboard; sourceTree = "<group>"; };
		1EE04C7B1D1ADE56003F6EBE /* HIUISlidingTabViewSample.xcdatamodel */ = {isa = PBXFileReference; lastKnownFileType = wrapper.xcdatamodel; path = HIUISlidingTabViewSample.xcdatamodel; sourceTree = "<group>"; };
		1EE04C7D1D1ADE56003F6EBE /* Assets.xcassets */ = {isa = PBXFileReference; lastKnownFileType = folder.assetcatalog; path = Assets.xcassets; sourceTree = "<group>"; };
		1EE04C801D1ADE56003F6EBE /* Base */ = {isa = PBXFileReference; lastKnownFileType = file.storyboard; name = Base; path = Base.lproj/LaunchScreen.storyboard; sourceTree = "<group>"; };
		1EE04C821D1ADE56003F6EBE /* Info.plist */ = {isa = PBXFileReference; lastKnownFileType = text.plist.xml; path = Info.plist; sourceTree = "<group>"; };
		1EE04C981D1ADECF003F6EBE /* SampleLayoutManager.h */ = {isa = PBXFileReference; fileEncoding = 4; lastKnownFileType = sourcecode.c.h; path = SampleLayoutManager.h; sourceTree = "<group>"; };
		1EE04C991D1ADECF003F6EBE /* SampleLayoutManager.m */ = {isa = PBXFileReference; fileEncoding = 4; lastKnownFileType = sourcecode.c.objc; path = SampleLayoutManager.m; sourceTree = "<group>"; };
		1EE04C9E1D1ADFC1003F6EBE /* SampleContentView.h */ = {isa = PBXFileReference; fileEncoding = 4; lastKnownFileType = sourcecode.c.h; path = SampleContentView.h; sourceTree = "<group>"; };
		1EE04C9F1D1ADFC1003F6EBE /* SampleContentView.m */ = {isa = PBXFileReference; fileEncoding = 4; lastKnownFileType = sourcecode.c.objc; path = SampleContentView.m; sourceTree = "<group>"; };
		1EE04CA51D1AE252003F6EBE /* SampleTextBarButtonItem.h */ = {isa = PBXFileReference; fileEncoding = 4; lastKnownFileType = sourcecode.c.h; path = SampleTextBarButtonItem.h; sourceTree = "<group>"; };
		1EE04CA61D1AE252003F6EBE /* SampleTextBarButtonItem.m */ = {isa = PBXFileReference; fileEncoding = 4; lastKnownFileType = sourcecode.c.objc; path = SampleTextBarButtonItem.m; sourceTree = "<group>"; };
		1EE04CA91D1AED20003F6EBE /* HIUIBarButtonItem.h */ = {isa = PBXFileReference; fileEncoding = 4; lastKnownFileType = sourcecode.c.h; path = HIUIBarButtonItem.h; sourceTree = "<group>"; };
		1EE04CAA1D1AED20003F6EBE /* HIUIBarButtonItem.m */ = {isa = PBXFileReference; fileEncoding = 4; lastKnownFileType = sourcecode.c.objc; path = HIUIBarButtonItem.m; sourceTree = "<group>"; };
		1EE04CAB1D1AED20003F6EBE /* HIUISlidingTabView.h */ = {isa = PBXFileReference; fileEncoding = 4; lastKnownFileType = sourcecode.c.h; path = HIUISlidingTabView.h; sourceTree = "<group>"; };
		1EE04CAC1D1AED20003F6EBE /* HIUISlidingTabView.m */ = {isa = PBXFileReference; fileEncoding = 4; lastKnownFileType = sourcecode.c.objc; path = HIUISlidingTabView.m; sourceTree = "<group>"; };
		1EE04CAD1D1AED20003F6EBE /* HIUISlidingTabViewContentView.h */ = {isa = PBXFileReference; fileEncoding = 4; lastKnownFileType = sourcecode.c.h; path = HIUISlidingTabViewContentView.h; sourceTree = "<group>"; };
		1EE04CAE1D1AED20003F6EBE /* HIUISlidingTabViewDataSource.h */ = {isa = PBXFileReference; fileEncoding = 4; lastKnownFileType = sourcecode.c.h; path = HIUISlidingTabViewDataSource.h; sourceTree = "<group>"; };
		1EE04CAF1D1AED20003F6EBE /* HIUISlidingTabViewDelegate.h */ = {isa = PBXFileReference; fileEncoding = 4; lastKnownFileType = sourcecode.c.h; path = HIUISlidingTabViewDelegate.h; sourceTree = "<group>"; };
		1EE04CB01D1AED20003F6EBE /* HIUISlidingTabViewLayoutManager.h */ = {isa = PBXFileReference; fileEncoding = 4; lastKnownFileType = sourcecode.c.h; path = HIUISlidingTabViewLayoutManager.h; sourceTree = "<group>"; };
/* End PBXFileReference section */

/* Begin PBXFrameworksBuildPhase section */
		1EE04C681D1ADE56003F6EBE /* Frameworks */ = {
			isa = PBXFrameworksBuildPhase;
			buildActionMask = 2147483647;
			files = (
			);
			runOnlyForDeploymentPostprocessing = 0;
		};
/* End PBXFrameworksBuildPhase section */

/* Begin PBXGroup section */
		1EE04C621D1ADE56003F6EBE = {
			isa = PBXGroup;
			children = (
				1EE04C6D1D1ADE56003F6EBE /* HIUISlidingTabViewSample */,
				1EE04C6C1D1ADE56003F6EBE /* Products */,
			);
			sourceTree = "<group>";
		};
		1EE04C6C1D1ADE56003F6EBE /* Products */ = {
			isa = PBXGroup;
			children = (
				1EE04C6B1D1ADE56003F6EBE /* HIUISlidingTabViewSample.app */,
			);
			name = Products;
			sourceTree = "<group>";
		};
		1EE04C6D1D1ADE56003F6EBE /* HIUISlidingTabViewSample */ = {
			isa = PBXGroup;
			children = (
				1EE04C881D1ADE78003F6EBE /* libs */,
				1EE04C961D1ADEB5003F6EBE /* layout manager */,
				1EE04C971D1ADEBA003F6EBE /* content view */,
				1EE04CA41D1AE23E003F6EBE /* barbutton */,
				1EE04C711D1ADE56003F6EBE /* AppDelegate.h */,
				1EE04C721D1ADE56003F6EBE /* AppDelegate.m */,
				1EE04C741D1ADE56003F6EBE /* ViewController.h */,
				1EE04C751D1ADE56003F6EBE /* ViewController.m */,
				1EE04C771D1ADE56003F6EBE /* Main.storyboard */,
				1EE04C7D1D1ADE56003F6EBE /* Assets.xcassets */,
				1EE04C7F1D1ADE56003F6EBE /* LaunchScreen.storyboard */,
				1EE04C821D1ADE56003F6EBE /* Info.plist */,
				1EE04C7A1D1ADE56003F6EBE /* HIUISlidingTabViewSample.xcdatamodeld */,
				1EE04C6E1D1ADE56003F6EBE /* Supporting Files */,
			);
			path = HIUISlidingTabViewSample;
			sourceTree = "<group>";
		};
		1EE04C6E1D1ADE56003F6EBE /* Supporting Files */ = {
			isa = PBXGroup;
			children = (
				1EE04C6F1D1ADE56003F6EBE /* main.m */,
			);
			name = "Supporting Files";
			sourceTree = "<group>";
		};
		1EE04C881D1ADE78003F6EBE /* libs */ = {
			isa = PBXGroup;
			children = (
				1EE04CA81D1AED20003F6EBE /* HIUISlidingTabView */,
			);
			name = libs;
			path = HIUISlidingTabView/libs;
			sourceTree = SOURCE_ROOT;
		};
		1EE04C961D1ADEB5003F6EBE /* layout manager */ = {
			isa = PBXGroup;
			children = (
				1EE04C981D1ADECF003F6EBE /* SampleLayoutManager.h */,
				1EE04C991D1ADECF003F6EBE /* SampleLayoutManager.m */,
			);
			name = "layout manager";
			sourceTree = "<group>";
		};
		1EE04C971D1ADEBA003F6EBE /* content view */ = {
			isa = PBXGroup;
			children = (
				1EE04C9E1D1ADFC1003F6EBE /* SampleContentView.h */,
				1EE04C9F1D1ADFC1003F6EBE /* SampleContentView.m */,
			);
			name = "content view";
			sourceTree = "<group>";
		};
		1EE04CA41D1AE23E003F6EBE /* barbutton */ = {
			isa = PBXGroup;
			children = (
				1EE04CA51D1AE252003F6EBE /* SampleTextBarButtonItem.h */,
				1EE04CA61D1AE252003F6EBE /* SampleTextBarButtonItem.m */,
			);
			name = barbutton;
			sourceTree = "<group>";
		};
		1EE04CA81D1AED20003F6EBE /* HIUISlidingTabView */ = {
			isa = PBXGroup;
			children = (
				1EE04CA91D1AED20003F6EBE /* HIUIBarButtonItem.h */,
				1EE04CAA1D1AED20003F6EBE /* HIUIBarButtonItem.m */,
				1EE04CAB1D1AED20003F6EBE /* HIUISlidingTabView.h */,
				1EE04CAC1D1AED20003F6EBE /* HIUISlidingTabView.m */,
				1EE04CAD1D1AED20003F6EBE /* HIUISlidingTabViewContentView.h */,
				1EE04CAE1D1AED20003F6EBE /* HIUISlidingTabViewDataSource.h */,
				1EE04CAF1D1AED20003F6EBE /* HIUISlidingTabViewDelegate.h */,
				1EE04CB01D1AED20003F6EBE /* HIUISlidingTabViewLayoutManager.h */,
			);
			name = HIUISlidingTabView;
			path = HIUISlidingTabViewSample/libs/HIUISlidingTabView;
			sourceTree = SOURCE_ROOT;
		};
/* End PBXGroup section */

/* Begin PBXNativeTarget section */
		1EE04C6A1D1ADE56003F6EBE /* HIUISlidingTabViewSample */ = {
			isa = PBXNativeTarget;
			buildConfigurationList = 1EE04C851D1ADE56003F6EBE /* Build configuration list for PBXNativeTarget "HIUISlidingTabViewSample" */;
			buildPhases = (
				1EE04C671D1ADE56003F6EBE /* Sources */,
				1EE04C681D1ADE56003F6EBE /* Frameworks */,
				1EE04C691D1ADE56003F6EBE /* Resources */,
			);
			buildRules = (
			);
			dependencies = (
			);
			name = HIUISlidingTabViewSample;
			productName = HIUISlidingTabViewSample;
			productReference = 1EE04C6B1D1ADE56003F6EBE /* HIUISlidingTabViewSample.app */;
			productType = "com.apple.product-type.application";
		};
/* End PBXNativeTarget section */

/* Begin PBXProject section */
		1EE04C631D1ADE56003F6EBE /* Project object */ = {
			isa = PBXProject;
			attributes = {
				LastUpgradeCheck = 0730;
				ORGANIZATIONNAME = "Sunhong Kim";
				TargetAttributes = {
					1EE04C6A1D1ADE56003F6EBE = {
						CreatedOnToolsVersion = 7.3.1;
					};
				};
			};
			buildConfigurationList = 1EE04C661D1ADE56003F6EBE /* Build configuration list for PBXProject "HIUISlidingTabViewSample" */;
			compatibilityVersion = "Xcode 3.2";
			developmentRegion = English;
			hasScannedForEncodings = 0;
			knownRegions = (
				en,
				Base,
			);
			mainGroup = 1EE04C621D1ADE56003F6EBE;
			productRefGroup = 1EE04C6C1D1ADE56003F6EBE /* Products */;
			projectDirPath = "";
			projectRoot = "";
			targets = (
				1EE04C6A1D1ADE56003F6EBE /* HIUISlidingTabViewSample */,
			);
		};
/* End PBXProject section */

/* Begin PBXResourcesBuildPhase section */
		1EE04C691D1ADE56003F6EBE /* Resources */ = {
			isa = PBXResourcesBuildPhase;
			buildActionMask = 2147483647;
			files = (
				1EE04C811D1ADE56003F6EBE /* LaunchScreen.storyboard in Resources */,
				1EE04C7E1D1ADE56003F6EBE /* Assets.xcassets in Resources */,
				1EE04C791D1ADE56003F6EBE /* Main.storyboard in Resources */,
			);
			runOnlyForDeploymentPostprocessing = 0;
		};
/* End PBXResourcesBuildPhase section */

/* Begin PBXSourcesBuildPhase section */
		1EE04C671D1ADE56003F6EBE /* Sources */ = {
			isa = PBXSourcesBuildPhase;
			buildActionMask = 2147483647;
			files = (
				1EE04C761D1ADE56003F6EBE /* ViewController.m in Sources */,
				1EE04CB21D1AED20003F6EBE /* HIUISlidingTabView.m in Sources */,
				1EE04C731D1ADE56003F6EBE /* AppDelegate.m in Sources */,
				1EE04C9A1D1ADECF003F6EBE /* SampleLayoutManager.m in Sources */,
				1EE04CA71D1AE252003F6EBE /* SampleTextBarButtonItem.m in Sources */,
				1EE04C7C1D1ADE56003F6EBE /* HIUISlidingTabViewSample.xcdatamodeld in Sources */,
				1EE04CB11D1AED20003F6EBE /* HIUIBarButtonItem.m in Sources */,
				1EE04CA01D1ADFC1003F6EBE /* SampleContentView.m in Sources */,
				1EE04C701D1ADE56003F6EBE /* main.m in Sources */,
			);
			runOnlyForDeploymentPostprocessing = 0;
		};
/* End PBXSourcesBuildPhase section */

/* Begin PBXVariantGroup section */
		1EE04C771D1ADE56003F6EBE /* Main.storyboard */ = {
			isa = PBXVariantGroup;
			children = (
				1EE04C781D1ADE56003F6EBE /* Base */,
			);
			name = Main.storyboard;
			sourceTree = "<group>";
		};
		1EE04C7F1D1ADE56003F6EBE /* LaunchScreen.storyboard */ = {
			isa = PBXVariantGroup;
			children = (
				1EE04C801D1ADE56003F6EBE /* Base */,
			);
			name = LaunchScreen.storyboard;
			sourceTree = "<group>";
		};
/* End PBXVariantGroup section */

/* Begin XCBuildConfiguration section */
		1EE04C831D1ADE56003F6EBE /* Debug */ = {
			isa = XCBuildConfiguration;
			buildSettings = {
				ALWAYS_SEARCH_USER_PATHS = NO;
				CLANG_ANALYZER_NONNULL = YES;
				CLANG_CXX_LANGUAGE_STANDARD = "gnu++0x";
				CLANG_CXX_LIBRARY = "libc++";
				CLANG_ENABLE_MODULES = YES;
				CLANG_ENABLE_OBJC_ARC = YES;
				CLANG_WARN_BOOL_CONVERSION = YES;
				CLANG_WARN_CONSTANT_CONVERSION = YES;
				CLANG_WARN_DIRECT_OBJC_ISA_USAGE = YES_ERROR;
				CLANG_WARN_EMPTY_BODY = YES;
				CLANG_WARN_ENUM_CONVERSION = YES;
				CLANG_WARN_INT_CONVERSION = YES;
				CLANG_WARN_OBJC_ROOT_CLASS = YES_ERROR;
				CLANG_WARN_UNREACHABLE_CODE = YES;
				CLANG_WARN__DUPLICATE_METHOD_MATCH = YES;
				"CODE_SIGN_IDENTITY[sdk=iphoneos*]" = "iPhone Developer";
				COPY_PHASE_STRIP = NO;
				DEBUG_INFORMATION_FORMAT = dwarf;
				ENABLE_STRICT_OBJC_MSGSEND = YES;
				ENABLE_TESTABILITY = YES;
				GCC_C_LANGUAGE_STANDARD = gnu99;
				GCC_DYNAMIC_NO_PIC = NO;
				GCC_NO_COMMON_BLOCKS = YES;
				GCC_OPTIMIZATION_LEVEL = 0;
				GCC_PREPROCESSOR_DEFINITIONS = (
					"DEBUG=1",
					"$(inherited)",
				);
				GCC_WARN_64_TO_32_BIT_CONVERSION = YES;
				GCC_WARN_ABOUT_RETURN_TYPE = YES_ERROR;
				GCC_WARN_UNDECLARED_SELECTOR = YES;
				GCC_WARN_UNINITIALIZED_AUTOS = YES_AGGRESSIVE;
				GCC_WARN_UNUSED_FUNCTION = YES;
				GCC_WARN_UNUSED_VARIABLE = YES;
				IPHONEOS_DEPLOYMENT_TARGET = 9.3;
				MTL_ENABLE_DEBUG_INFO = YES;
				ONLY_ACTIVE_ARCH = YES;
				SDKROOT = iphoneos;
			};
			name = Debug;
		};
		1EE04C841D1ADE56003F6EBE /* Release */ = {
			isa = XCBuildConfiguration;
			buildSettings = {
				ALWAYS_SEARCH_USER_PATHS = NO;
				CLANG_ANALYZER_NONNULL = YES;
				CLANG_CXX_LANGUAGE_STANDARD = "gnu++0x";
				CLANG_CXX_LIBRARY = "libc++";
				CLANG_ENABLE_MODULES = YES;
				CLANG_ENABLE_OBJC_ARC = YES;
				CLANG_WARN_BOOL_CONVERSION = YES;
				CLANG_WARN_CONSTANT_CONVERSION = YES;
				CLANG_WARN_DIRECT_OBJC_ISA_USAGE = YES_ERROR;
				CLANG_WARN_EMPTY_BODY = YES;
				CLANG_WARN_ENUM_CONVERSION = YES;
				CLANG_WARN_INT_CONVERSION = YES;
				CLANG_WARN_OBJC_ROOT_CLASS = YES_ERROR;
				CLANG_WARN_UNREACHABLE_CODE = YES;
				CLANG_WARN__DUPLICATE_METHOD_MATCH = YES;
				"CODE_SIGN_IDENTITY[sdk=iphoneos*]" = "iPhone Developer";
				COPY_PHASE_STRIP = NO;
				DEBUG_INFORMATION_FORMAT = "dwarf-with-dsym";
				ENABLE_NS_ASSERTIONS = NO;
				ENABLE_STRICT_OBJC_MSGSEND = YES;
				GCC_C_LANGUAGE_STANDARD = gnu99;
				GCC_NO_COMMON_BLOCKS = YES;
				GCC_WARN_64_TO_32_BIT_CONVERSION = YES;
				GCC_WARN_ABOUT_RETURN_TYPE = YES_ERROR;
				GCC_WARN_UNDECLARED_SELECTOR = YES;
				GCC_WARN_UNINITIALIZED_AUTOS = YES_AGGRESSIVE;
				GCC_WARN_UNUSED_FUNCTION = YES;
				GCC_WARN_UNUSED_VARIABLE = YES;
				IPHONEOS_DEPLOYMENT_TARGET = 9.3;
				MTL_ENABLE_DEBUG_INFO = NO;
				SDKROOT = iphoneos;
				VALIDATE_PRODUCT = YES;
			};
			name = Release;
		};
		1EE04C861D1ADE56003F6EBE /* Debug */ = {
			isa = XCBuildConfiguration;
			buildSettings = {
				ASSETCATALOG_COMPILER_APPICON_NAME = AppIcon;
				INFOPLIST_FILE = HIUISlidingTabViewSample/Info.plist;
				LD_RUNPATH_SEARCH_PATHS = "$(inherited) @executable_path/Frameworks";
				PRODUCT_BUNDLE_IDENTIFIER = com.shkim.HIUISlidingTabViewSample;
				PRODUCT_NAME = "$(TARGET_NAME)";
			};
			name = Debug;
		};
		1EE04C871D1ADE56003F6EBE /* Release */ = {
			isa = XCBuildConfiguration;
			buildSettings = {
				ASSETCATALOG_COMPILER_APPICON_NAME = AppIcon;
				INFOPLIST_FILE = HIUISlidingTabViewSample/Info.plist;
				LD_RUNPATH_SEARCH_PATHS = "$(inherited) @executable_path/Frameworks";
				PRODUCT_BUNDLE_IDENTIFIER = com.shkim.HIUISlidingTabViewSample;
				PRODUCT_NAME = "$(TARGET_NAME)";
			};
			name = Release;
		};
/* End XCBuildConfiguration section */

/* Begin XCConfigurationList section */
		1EE04C661D1ADE56003F6EBE /* Build configuration list for PBXProject "HIUISlidingTabViewSample" */ = {
			isa = XCConfigurationList;
			buildConfigurations = (
				1EE04C831D1ADE56003F6EBE /* Debug */,
				1EE04C841D1ADE56003F6EBE /* Release */,
			);
			defaultConfigurationIsVisible = 0;
			defaultConfigurationName = Release;
		};
		1EE04C851D1ADE56003F6EBE /* Build configuration list for PBXNativeTarget "HIUISlidingTabViewSample" */ = {
			isa = XCConfigurationList;
			buildConfigurations = (
				1EE04C861D1ADE56003F6EBE /* Debug */,
				1EE04C871D1ADE56003F6EBE /* Release */,
			);
			defaultConfigurationIsVisible = 0;
		};
/* End XCConfigurationList section */

/* Begin XCVersionGroup section */
		1EE04C7A1D1ADE56003F6EBE /* HIUISlidingTabViewSample.xcdatamodeld */ = {
			isa = XCVersionGroup;
			children = (
				1EE04C7B1D1ADE56003F6EBE /* HIUISlidingTabViewSample.xcdatamodel */,
			);
			currentVersion = 1EE04C7B1D1ADE56003F6EBE /* HIUISlidingTabViewSample.xcdatamodel */;
			path = HIUISlidingTabViewSample.xcdatamodeld;
			sourceTree = "<group>";
			versionGroupType = wrapper.xcdatamodel;
		};
/* End XCVersionGroup section */
	};
	rootObject = 1EE04C631D1ADE56003F6EBE /* Project object */;
}
